// !$*UTF8*$!
{
	archiveVersion = 1;
	classes = {
	};
	objectVersion = 55;
	objects = {

/* Begin PBXBuildFile section */
		279023B52738D25E0086012E /* KickStarterFramework.docc in Sources */ = {isa = PBXBuildFile; fileRef = 279023B42738D25E0086012E /* KickStarterFramework.docc */; };
		279023BB2738D25E0086012E /* KickStarterFramework.framework in Frameworks */ = {isa = PBXBuildFile; fileRef = 279023B02738D25E0086012E /* KickStarterFramework.framework */; };
		279023C02738D25E0086012E /* TeamViewModelTests.swift in Sources */ = {isa = PBXBuildFile; fileRef = 279023BF2738D25E0086012E /* TeamViewModelTests.swift */; };
		279023C12738D25E0086012E /* KickStarterFramework.h in Headers */ = {isa = PBXBuildFile; fileRef = 279023B32738D25E0086012E /* KickStarterFramework.h */; settings = {ATTRIBUTES = (Public, ); }; };
		279023CC2738D3230086012E /* Constants.swift in Sources */ = {isa = PBXBuildFile; fileRef = 279023CB2738D3230086012E /* Constants.swift */; };
		279023DD2738D3330086012E /* TeamRepositable.swift in Sources */ = {isa = PBXBuildFile; fileRef = 279023CF2738D3320086012E /* TeamRepositable.swift */; };
		279023DE2738D3330086012E /* TeamRepository.swift in Sources */ = {isa = PBXBuildFile; fileRef = 279023D02738D3320086012E /* TeamRepository.swift */; };
		279023DF2738D3330086012E /* Endpoints.swift in Sources */ = {isa = PBXBuildFile; fileRef = 279023D12738D3320086012E /* Endpoints.swift */; };
		279023E02738D3330086012E /* SoccerTeamResponseModel.swift in Sources */ = {isa = PBXBuildFile; fileRef = 279023D32738D3320086012E /* SoccerTeamResponseModel.swift */; };
		279023E12738D3330086012E /* LeagueModel.swift in Sources */ = {isa = PBXBuildFile; fileRef = 279023D42738D3320086012E /* LeagueModel.swift */; };
		279023E22738D3330086012E /* UIImageView+Extensions.swift in Sources */ = {isa = PBXBuildFile; fileRef = 279023D62738D3320086012E /* UIImageView+Extensions.swift */; };
		279023E32738D3330086012E /* UIViewController+Extension.swift in Sources */ = {isa = PBXBuildFile; fileRef = 279023D72738D3320086012E /* UIViewController+Extension.swift */; };
		279023E42738D3330086012E /* Array+Extension.swift in Sources */ = {isa = PBXBuildFile; fileRef = 279023D82738D3320086012E /* Array+Extension.swift */; };
		279023E52738D3330086012E /* TeamViewModel.swift in Sources */ = {isa = PBXBuildFile; fileRef = 279023DA2738D3330086012E /* TeamViewModel.swift */; };
		279023E62738D3330086012E /* TeamViewModelDelegate.swift in Sources */ = {isa = PBXBuildFile; fileRef = 279023DB2738D3330086012E /* TeamViewModelDelegate.swift */; };
		279023E72738D3330086012E /* ResultsViewModel.swift in Sources */ = {isa = PBXBuildFile; fileRef = 279023DC2738D3330086012E /* ResultsViewModel.swift */; };
/* End PBXBuildFile section */

/* Begin PBXContainerItemProxy section */
		279023BC2738D25E0086012E /* PBXContainerItemProxy */ = {
			isa = PBXContainerItemProxy;
			containerPortal = 279023A72738D25E0086012E /* Project object */;
			proxyType = 1;
			remoteGlobalIDString = 279023AF2738D25E0086012E;
			remoteInfo = KickStarterFramework;
		};
/* End PBXContainerItemProxy section */

/* Begin PBXFileReference section */
		279023B02738D25E0086012E /* KickStarterFramework.framework */ = {isa = PBXFileReference; explicitFileType = wrapper.framework; includeInIndex = 0; path = KickStarterFramework.framework; sourceTree = BUILT_PRODUCTS_DIR; };
		279023B32738D25E0086012E /* KickStarterFramework.h */ = {isa = PBXFileReference; lastKnownFileType = sourcecode.c.h; path = KickStarterFramework.h; sourceTree = "<group>"; };
		279023B42738D25E0086012E /* KickStarterFramework.docc */ = {isa = PBXFileReference; lastKnownFileType = folder.documentationcatalog; path = KickStarterFramework.docc; sourceTree = "<group>"; };
		279023BA2738D25E0086012E /* KickStarterFrameworkTests.xctest */ = {isa = PBXFileReference; explicitFileType = wrapper.cfbundle; includeInIndex = 0; path = KickStarterFrameworkTests.xctest; sourceTree = BUILT_PRODUCTS_DIR; };
		279023BF2738D25E0086012E /* TeamViewModelTests.swift */ = {isa = PBXFileReference; lastKnownFileType = sourcecode.swift; path = TeamViewModelTests.swift; sourceTree = "<group>"; };
		279023CB2738D3230086012E /* Constants.swift */ = {isa = PBXFileReference; fileEncoding = 4; lastKnownFileType = sourcecode.swift; path = Constants.swift; sourceTree = "<group>"; };
		279023CF2738D3320086012E /* TeamRepositable.swift */ = {isa = PBXFileReference; fileEncoding = 4; lastKnownFileType = sourcecode.swift; path = TeamRepositable.swift; sourceTree = "<group>"; };
		279023D02738D3320086012E /* TeamRepository.swift */ = {isa = PBXFileReference; fileEncoding = 4; lastKnownFileType = sourcecode.swift; path = TeamRepository.swift; sourceTree = "<group>"; };
		279023D12738D3320086012E /* Endpoints.swift */ = {isa = PBXFileReference; fileEncoding = 4; lastKnownFileType = sourcecode.swift; path = Endpoints.swift; sourceTree = "<group>"; };
		279023D32738D3320086012E /* SoccerTeamResponseModel.swift */ = {isa = PBXFileReference; fileEncoding = 4; lastKnownFileType = sourcecode.swift; path = SoccerTeamResponseModel.swift; sourceTree = "<group>"; };
		279023D42738D3320086012E /* LeagueModel.swift */ = {isa = PBXFileReference; fileEncoding = 4; lastKnownFileType = sourcecode.swift; path = LeagueModel.swift; sourceTree = "<group>"; };
		279023D62738D3320086012E /* UIImageView+Extensions.swift */ = {isa = PBXFileReference; fileEncoding = 4; lastKnownFileType = sourcecode.swift; path = "UIImageView+Extensions.swift"; sourceTree = "<group>"; };
		279023D72738D3320086012E /* UIViewController+Extension.swift */ = {isa = PBXFileReference; fileEncoding = 4; lastKnownFileType = sourcecode.swift; path = "UIViewController+Extension.swift"; sourceTree = "<group>"; };
		279023D82738D3320086012E /* Array+Extension.swift */ = {isa = PBXFileReference; fileEncoding = 4; lastKnownFileType = sourcecode.swift; path = "Array+Extension.swift"; sourceTree = "<group>"; };
		279023DA2738D3330086012E /* TeamViewModel.swift */ = {isa = PBXFileReference; fileEncoding = 4; lastKnownFileType = sourcecode.swift; path = TeamViewModel.swift; sourceTree = "<group>"; };
		279023DB2738D3330086012E /* TeamViewModelDelegate.swift */ = {isa = PBXFileReference; fileEncoding = 4; lastKnownFileType = sourcecode.swift; path = TeamViewModelDelegate.swift; sourceTree = "<group>"; };
		279023DC2738D3330086012E /* ResultsViewModel.swift */ = {isa = PBXFileReference; fileEncoding = 4; lastKnownFileType = sourcecode.swift; path = ResultsViewModel.swift; sourceTree = "<group>"; };
/* End PBXFileReference section */

/* Begin PBXFrameworksBuildPhase section */
		279023AD2738D25E0086012E /* Frameworks */ = {
			isa = PBXFrameworksBuildPhase;
			buildActionMask = 2147483647;
			files = (
			);
			runOnlyForDeploymentPostprocessing = 0;
		};
		279023B72738D25E0086012E /* Frameworks */ = {
			isa = PBXFrameworksBuildPhase;
			buildActionMask = 2147483647;
			files = (
				279023BB2738D25E0086012E /* KickStarterFramework.framework in Frameworks */,
			);
			runOnlyForDeploymentPostprocessing = 0;
		};
/* End PBXFrameworksBuildPhase section */

/* Begin PBXGroup section */
		279023A62738D25E0086012E = {
			isa = PBXGroup;
			children = (
				279023B22738D25E0086012E /* KickStarterFramework */,
				279023BE2738D25E0086012E /* KickStarterFrameworkTests */,
				279023B12738D25E0086012E /* Products */,
			);
			sourceTree = "<group>";
		};
		279023B12738D25E0086012E /* Products */ = {
			isa = PBXGroup;
			children = (
				279023B02738D25E0086012E /* KickStarterFramework.framework */,
				279023BA2738D25E0086012E /* KickStarterFrameworkTests.xctest */,
			);
			name = Products;
			sourceTree = "<group>";
		};
		279023B22738D25E0086012E /* KickStarterFramework */ = {
			isa = PBXGroup;
			children = (
				279023D12738D3320086012E /* Endpoints.swift */,
				279023D52738D3320086012E /* Extensions */,
				279023D22738D3320086012E /* Models */,
				279023CD2738D3320086012E /* Repository */,
				279023D92738D3320086012E /* View Models */,
				279023CA2738D3230086012E /* Constants */,
				279023B32738D25E0086012E /* KickStarterFramework.h */,
				279023B42738D25E0086012E /* KickStarterFramework.docc */,
			);
			path = KickStarterFramework;
			sourceTree = "<group>";
		};
		279023BE2738D25E0086012E /* KickStarterFrameworkTests */ = {
			isa = PBXGroup;
			children = (
				279023BF2738D25E0086012E /* TeamViewModelTests.swift */,
			);
			path = KickStarterFrameworkTests;
			sourceTree = "<group>";
		};
		279023CA2738D3230086012E /* Constants */ = {
			isa = PBXGroup;
			children = (
				279023CB2738D3230086012E /* Constants.swift */,
			);
			path = Constants;
			sourceTree = "<group>";
		};
		279023CD2738D3320086012E /* Repository */ = {
			isa = PBXGroup;
			children = (
				279023CE2738D3320086012E /* Protocol */,
				279023D02738D3320086012E /* TeamRepository.swift */,
			);
			path = Repository;
			sourceTree = "<group>";
		};
		279023CE2738D3320086012E /* Protocol */ = {
			isa = PBXGroup;
			children = (
				279023CF2738D3320086012E /* TeamRepositable.swift */,
			);
			path = Protocol;
			sourceTree = "<group>";
		};
		279023D22738D3320086012E /* Models */ = {
			isa = PBXGroup;
			children = (
				279023D32738D3320086012E /* SoccerTeamResponseModel.swift */,
				279023D42738D3320086012E /* LeagueModel.swift */,
			);
			path = Models;
			sourceTree = "<group>";
		};
		279023D52738D3320086012E /* Extensions */ = {
			isa = PBXGroup;
			children = (
				279023D62738D3320086012E /* UIImageView+Extensions.swift */,
				279023D72738D3320086012E /* UIViewController+Extension.swift */,
				279023D82738D3320086012E /* Array+Extension.swift */,
			);
			path = Extensions;
			sourceTree = "<group>";
		};
		279023D92738D3320086012E /* View Models */ = {
			isa = PBXGroup;
			children = (
				279023DA2738D3330086012E /* TeamViewModel.swift */,
				279023DB2738D3330086012E /* TeamViewModelDelegate.swift */,
				279023DC2738D3330086012E /* ResultsViewModel.swift */,
			);
			path = "View Models";
			sourceTree = "<group>";
		};
/* End PBXGroup section */

/* Begin PBXHeadersBuildPhase section */
		279023AB2738D25E0086012E /* Headers */ = {
			isa = PBXHeadersBuildPhase;
			buildActionMask = 2147483647;
			files = (
				279023C12738D25E0086012E /* KickStarterFramework.h in Headers */,
			);
			runOnlyForDeploymentPostprocessing = 0;
		};
/* End PBXHeadersBuildPhase section */

/* Begin PBXNativeTarget section */
		279023AF2738D25E0086012E /* KickStarterFramework */ = {
			isa = PBXNativeTarget;
			buildConfigurationList = 279023C42738D25E0086012E /* Build configuration list for PBXNativeTarget "KickStarterFramework" */;
			buildPhases = (
				279023AB2738D25E0086012E /* Headers */,
				279023AC2738D25E0086012E /* Sources */,
				279023AD2738D25E0086012E /* Frameworks */,
				279023AE2738D25E0086012E /* Resources */,
			);
			buildRules = (
			);
			dependencies = (
			);
			name = KickStarterFramework;
			productName = KickStarterFramework;
			productReference = 279023B02738D25E0086012E /* KickStarterFramework.framework */;
			productType = "com.apple.product-type.framework";
		};
		279023B92738D25E0086012E /* KickStarterFrameworkTests */ = {
			isa = PBXNativeTarget;
			buildConfigurationList = 279023C72738D25E0086012E /* Build configuration list for PBXNativeTarget "KickStarterFrameworkTests" */;
			buildPhases = (
				279023B62738D25E0086012E /* Sources */,
				279023B72738D25E0086012E /* Frameworks */,
				279023B82738D25E0086012E /* Resources */,
			);
			buildRules = (
			);
			dependencies = (
				279023BD2738D25E0086012E /* PBXTargetDependency */,
			);
			name = KickStarterFrameworkTests;
			productName = KickStarterFrameworkTests;
			productReference = 279023BA2738D25E0086012E /* KickStarterFrameworkTests.xctest */;
			productType = "com.apple.product-type.bundle.unit-test";
		};
/* End PBXNativeTarget section */

/* Begin PBXProject section */
		279023A72738D25E0086012E /* Project object */ = {
			isa = PBXProject;
			attributes = {
				BuildIndependentTargetsInParallel = 1;
				LastSwiftUpdateCheck = 1300;
				LastUpgradeCheck = 1300;
				TargetAttributes = {
					279023AF2738D25E0086012E = {
						CreatedOnToolsVersion = 13.0;
					};
					279023B92738D25E0086012E = {
						CreatedOnToolsVersion = 13.0;
					};
				};
			};
			buildConfigurationList = 279023AA2738D25E0086012E /* Build configuration list for PBXProject "KickStarterFramework" */;
			compatibilityVersion = "Xcode 13.0";
			developmentRegion = en;
			hasScannedForEncodings = 0;
			knownRegions = (
				en,
				Base,
			);
			mainGroup = 279023A62738D25E0086012E;
			productRefGroup = 279023B12738D25E0086012E /* Products */;
			projectDirPath = "";
			projectRoot = "";
			targets = (
				279023AF2738D25E0086012E /* KickStarterFramework */,
				279023B92738D25E0086012E /* KickStarterFrameworkTests */,
			);
		};
/* End PBXProject section */

/* Begin PBXResourcesBuildPhase section */
		279023AE2738D25E0086012E /* Resources */ = {
			isa = PBXResourcesBuildPhase;
			buildActionMask = 2147483647;
			files = (
			);
			runOnlyForDeploymentPostprocessing = 0;
		};
		279023B82738D25E0086012E /* Resources */ = {
			isa = PBXResourcesBuildPhase;
			buildActionMask = 2147483647;
			files = (
			);
			runOnlyForDeploymentPostprocessing = 0;
		};
/* End PBXResourcesBuildPhase section */

/* Begin PBXSourcesBuildPhase section */
		279023AC2738D25E0086012E /* Sources */ = {
			isa = PBXSourcesBuildPhase;
			buildActionMask = 2147483647;
			files = (
				279023E32738D3330086012E /* UIViewController+Extension.swift in Sources */,
				279023E42738D3330086012E /* Array+Extension.swift in Sources */,
				279023DD2738D3330086012E /* TeamRepositable.swift in Sources */,
				279023E52738D3330086012E /* TeamViewModel.swift in Sources */,
				279023B52738D25E0086012E /* KickStarterFramework.docc in Sources */,
				279023DE2738D3330086012E /* TeamRepository.swift in Sources */,
				279023CC2738D3230086012E /* Constants.swift in Sources */,
				279023E02738D3330086012E /* SoccerTeamResponseModel.swift in Sources */,
				279023E62738D3330086012E /* TeamViewModelDelegate.swift in Sources */,
				279023E12738D3330086012E /* LeagueModel.swift in Sources */,
				279023E72738D3330086012E /* ResultsViewModel.swift in Sources */,
				279023E22738D3330086012E /* UIImageView+Extensions.swift in Sources */,
				279023DF2738D3330086012E /* Endpoints.swift in Sources */,
			);
			runOnlyForDeploymentPostprocessing = 0;
		};
		279023B62738D25E0086012E /* Sources */ = {
			isa = PBXSourcesBuildPhase;
			buildActionMask = 2147483647;
			files = (
				279023C02738D25E0086012E /* TeamViewModelTests.swift in Sources */,
			);
			runOnlyForDeploymentPostprocessing = 0;
		};
/* End PBXSourcesBuildPhase section */

/* Begin PBXTargetDependency section */
		279023BD2738D25E0086012E /* PBXTargetDependency */ = {
			isa = PBXTargetDependency;
			target = 279023AF2738D25E0086012E /* KickStarterFramework */;
			targetProxy = 279023BC2738D25E0086012E /* PBXContainerItemProxy */;
		};
/* End PBXTargetDependency section */

/* Begin XCBuildConfiguration section */
		279023C22738D25E0086012E /* Debug */ = {
			isa = XCBuildConfiguration;
			buildSettings = {
				ALWAYS_SEARCH_USER_PATHS = NO;
				CLANG_ANALYZER_NONNULL = YES;
				CLANG_ANALYZER_NUMBER_OBJECT_CONVERSION = YES_AGGRESSIVE;
				CLANG_CXX_LANGUAGE_STANDARD = "gnu++17";
				CLANG_CXX_LIBRARY = "libc++";
				CLANG_ENABLE_MODULES = YES;
				CLANG_ENABLE_OBJC_ARC = YES;
				CLANG_ENABLE_OBJC_WEAK = YES;
				CLANG_WARN_BLOCK_CAPTURE_AUTORELEASING = YES;
				CLANG_WARN_BOOL_CONVERSION = YES;
				CLANG_WARN_COMMA = YES;
				CLANG_WARN_CONSTANT_CONVERSION = YES;
				CLANG_WARN_DEPRECATED_OBJC_IMPLEMENTATIONS = YES;
				CLANG_WARN_DIRECT_OBJC_ISA_USAGE = YES_ERROR;
				CLANG_WARN_DOCUMENTATION_COMMENTS = YES;
				CLANG_WARN_EMPTY_BODY = YES;
				CLANG_WARN_ENUM_CONVERSION = YES;
				CLANG_WARN_INFINITE_RECURSION = YES;
				CLANG_WARN_INT_CONVERSION = YES;
				CLANG_WARN_NON_LITERAL_NULL_CONVERSION = YES;
				CLANG_WARN_OBJC_IMPLICIT_RETAIN_SELF = YES;
				CLANG_WARN_OBJC_LITERAL_CONVERSION = YES;
				CLANG_WARN_OBJC_ROOT_CLASS = YES_ERROR;
				CLANG_WARN_QUOTED_INCLUDE_IN_FRAMEWORK_HEADER = YES;
				CLANG_WARN_RANGE_LOOP_ANALYSIS = YES;
				CLANG_WARN_STRICT_PROTOTYPES = YES;
				CLANG_WARN_SUSPICIOUS_MOVE = YES;
				CLANG_WARN_UNGUARDED_AVAILABILITY = YES_AGGRESSIVE;
				CLANG_WARN_UNREACHABLE_CODE = YES;
				CLANG_WARN__DUPLICATE_METHOD_MATCH = YES;
				COPY_PHASE_STRIP = NO;
				CURRENT_PROJECT_VERSION = 1;
				DEBUG_INFORMATION_FORMAT = dwarf;
				ENABLE_STRICT_OBJC_MSGSEND = YES;
				ENABLE_TESTABILITY = YES;
				GCC_C_LANGUAGE_STANDARD = gnu11;
				GCC_DYNAMIC_NO_PIC = NO;
				GCC_NO_COMMON_BLOCKS = YES;
				GCC_OPTIMIZATION_LEVEL = 0;
				GCC_PREPROCESSOR_DEFINITIONS = (
					"DEBUG=1",
					"$(inherited)",
				);
				GCC_WARN_64_TO_32_BIT_CONVERSION = YES;
				GCC_WARN_ABOUT_RETURN_TYPE = YES_ERROR;
				GCC_WARN_UNDECLARED_SELECTOR = YES;
				GCC_WARN_UNINITIALIZED_AUTOS = YES_AGGRESSIVE;
				GCC_WARN_UNUSED_FUNCTION = YES;
				GCC_WARN_UNUSED_VARIABLE = YES;
				IPHONEOS_DEPLOYMENT_TARGET = 15.0;
				MTL_ENABLE_DEBUG_INFO = INCLUDE_SOURCE;
				MTL_FAST_MATH = YES;
				ONLY_ACTIVE_ARCH = YES;
				SDKROOT = iphoneos;
				SWIFT_ACTIVE_COMPILATION_CONDITIONS = DEBUG;
				SWIFT_OPTIMIZATION_LEVEL = "-Onone";
				VERSIONING_SYSTEM = "apple-generic";
				VERSION_INFO_PREFIX = "";
			};
			name = Debug;
		};
		279023C32738D25E0086012E /* Release */ = {
			isa = XCBuildConfiguration;
			buildSettings = {
				ALWAYS_SEARCH_USER_PATHS = NO;
				CLANG_ANALYZER_NONNULL = YES;
				CLANG_ANALYZER_NUMBER_OBJECT_CONVERSION = YES_AGGRESSIVE;
				CLANG_CXX_LANGUAGE_STANDARD = "gnu++17";
				CLANG_CXX_LIBRARY = "libc++";
				CLANG_ENABLE_MODULES = YES;
				CLANG_ENABLE_OBJC_ARC = YES;
				CLANG_ENABLE_OBJC_WEAK = YES;
				CLANG_WARN_BLOCK_CAPTURE_AUTORELEASING = YES;
				CLANG_WARN_BOOL_CONVERSION = YES;
				CLANG_WARN_COMMA = YES;
				CLANG_WARN_CONSTANT_CONVERSION = YES;
				CLANG_WARN_DEPRECATED_OBJC_IMPLEMENTATIONS = YES;
				CLANG_WARN_DIRECT_OBJC_ISA_USAGE = YES_ERROR;
				CLANG_WARN_DOCUMENTATION_COMMENTS = YES;
				CLANG_WARN_EMPTY_BODY = YES;
				CLANG_WARN_ENUM_CONVERSION = YES;
				CLANG_WARN_INFINITE_RECURSION = YES;
				CLANG_WARN_INT_CONVERSION = YES;
				CLANG_WARN_NON_LITERAL_NULL_CONVERSION = YES;
				CLANG_WARN_OBJC_IMPLICIT_RETAIN_SELF = YES;
				CLANG_WARN_OBJC_LITERAL_CONVERSION = YES;
				CLANG_WARN_OBJC_ROOT_CLASS = YES_ERROR;
				CLANG_WARN_QUOTED_INCLUDE_IN_FRAMEWORK_HEADER = YES;
				CLANG_WARN_RANGE_LOOP_ANALYSIS = YES;
				CLANG_WARN_STRICT_PROTOTYPES = YES;
				CLANG_WARN_SUSPICIOUS_MOVE = YES;
				CLANG_WARN_UNGUARDED_AVAILABILITY = YES_AGGRESSIVE;
				CLANG_WARN_UNREACHABLE_CODE = YES;
				CLANG_WARN__DUPLICATE_METHOD_MATCH = YES;
				COPY_PHASE_STRIP = NO;
				CURRENT_PROJECT_VERSION = 1;
				DEBUG_INFORMATION_FORMAT = "dwarf-with-dsym";
				ENABLE_NS_ASSERTIONS = NO;
				ENABLE_STRICT_OBJC_MSGSEND = YES;
				GCC_C_LANGUAGE_STANDARD = gnu11;
				GCC_NO_COMMON_BLOCKS = YES;
				GCC_WARN_64_TO_32_BIT_CONVERSION = YES;
				GCC_WARN_ABOUT_RETURN_TYPE = YES_ERROR;
				GCC_WARN_UNDECLARED_SELECTOR = YES;
				GCC_WARN_UNINITIALIZED_AUTOS = YES_AGGRESSIVE;
				GCC_WARN_UNUSED_FUNCTION = YES;
				GCC_WARN_UNUSED_VARIABLE = YES;
				IPHONEOS_DEPLOYMENT_TARGET = 15.0;
				MTL_ENABLE_DEBUG_INFO = NO;
				MTL_FAST_MATH = YES;
				SDKROOT = iphoneos;
				SWIFT_COMPILATION_MODE = wholemodule;
				SWIFT_OPTIMIZATION_LEVEL = "-O";
				VALIDATE_PRODUCT = YES;
				VERSIONING_SYSTEM = "apple-generic";
				VERSION_INFO_PREFIX = "";
			};
			name = Release;
		};
		279023C52738D25E0086012E /* Debug */ = {
			isa = XCBuildConfiguration;
			buildSettings = {
				CODE_SIGN_STYLE = Automatic;
				CURRENT_PROJECT_VERSION = 1;
				DEFINES_MODULE = YES;
				DYLIB_COMPATIBILITY_VERSION = 1;
				DYLIB_CURRENT_VERSION = 1;
				DYLIB_INSTALL_NAME_BASE = "@rpath";
				GENERATE_INFOPLIST_FILE = YES;
				INFOPLIST_KEY_NSHumanReadableCopyright = "";
				INSTALL_PATH = "$(LOCAL_LIBRARY_DIR)/Frameworks";
				LD_RUNPATH_SEARCH_PATHS = (
					"$(inherited)",
					"@executable_path/Frameworks",
					"@loader_path/Frameworks",
				);
				MARKETING_VERSION = 1.0;
				PRODUCT_BUNDLE_IDENTIFIER = com.an.KickStarterFramework;
				PRODUCT_NAME = "$(TARGET_NAME:c99extidentifier)";
				SKIP_INSTALL = YES;
				SWIFT_EMIT_LOC_STRINGS = YES;
				SWIFT_VERSION = 5.0;
				TARGETED_DEVICE_FAMILY = "1,2";
			};
			name = Debug;
		};
		279023C62738D25E0086012E /* Release */ = {
			isa = XCBuildConfiguration;
			buildSettings = {
				CODE_SIGN_STYLE = Automatic;
				CURRENT_PROJECT_VERSION = 1;
				DEFINES_MODULE = YES;
				DYLIB_COMPATIBILITY_VERSION = 1;
				DYLIB_CURRENT_VERSION = 1;
				DYLIB_INSTALL_NAME_BASE = "@rpath";
				GENERATE_INFOPLIST_FILE = YES;
				INFOPLIST_KEY_NSHumanReadableCopyright = "";
				INSTALL_PATH = "$(LOCAL_LIBRARY_DIR)/Frameworks";
				LD_RUNPATH_SEARCH_PATHS = (
					"$(inherited)",
					"@executable_path/Frameworks",
					"@loader_path/Frameworks",
				);
				MARKETING_VERSION = 1.0;
				PRODUCT_BUNDLE_IDENTIFIER = com.an.KickStarterFramework;
				PRODUCT_NAME = "$(TARGET_NAME:c99extidentifier)";
				SKIP_INSTALL = YES;
				SWIFT_EMIT_LOC_STRINGS = YES;
				SWIFT_VERSION = 5.0;
				TARGETED_DEVICE_FAMILY = "1,2";
			};
			name = Release;
		};
		279023C82738D25E0086012E /* Debug */ = {
			isa = XCBuildConfiguration;
			buildSettings = {
				ALWAYS_EMBED_SWIFT_STANDARD_LIBRARIES = YES;
				CODE_SIGN_STYLE = Automatic;
				CURRENT_PROJECT_VERSION = 1;
				GENERATE_INFOPLIST_FILE = YES;
				LD_RUNPATH_SEARCH_PATHS = (
					"$(inherited)",
					"@executable_path/Frameworks",
					"@loader_path/Frameworks",
				);
				MARKETING_VERSION = 1.0;
				PRODUCT_BUNDLE_IDENTIFIER = com.an.KickStarterFrameworkTests;
				PRODUCT_NAME = "$(TARGET_NAME)";
				SWIFT_EMIT_LOC_STRINGS = NO;
				SWIFT_VERSION = 5.0;
				TARGETED_DEVICE_FAMILY = "1,2";
			};
			name = Debug;
		};
		279023C92738D25E0086012E /* Release */ = {
			isa = XCBuildConfiguration;
			buildSettings = {
				ALWAYS_EMBED_SWIFT_STANDARD_LIBRARIES = YES;
				CODE_SIGN_STYLE = Automatic;
				CURRENT_PROJECT_VERSION = 1;
				GENERATE_INFOPLIST_FILE = YES;
				LD_RUNPATH_SEARCH_PATHS = (
					"$(inherited)",
					"@executable_path/Frameworks",
					"@loader_path/Frameworks",
				);
				MARKETING_VERSION = 1.0;
				PRODUCT_BUNDLE_IDENTIFIER = com.an.KickStarterFrameworkTests;
				PRODUCT_NAME = "$(TARGET_NAME)";
				SWIFT_EMIT_LOC_STRINGS = NO;
				SWIFT_VERSION = 5.0;
				TARGETED_DEVICE_FAMILY = "1,2";
			};
			name = Release;
		};
/* End XCBuildConfiguration section */

/* Begin XCConfigurationList section */
		279023AA2738D25E0086012E /* Build configuration list for PBXProject "KickStarterFramework" */ = {
			isa = XCConfigurationList;
			buildConfigurations = (
				279023C22738D25E0086012E /* Debug */,
				279023C32738D25E0086012E /* Release */,
			);
			defaultConfigurationIsVisible = 0;
			defaultConfigurationName = Release;
		};
		279023C42738D25E0086012E /* Build configuration list for PBXNativeTarget "KickStarterFramework" */ = {
			isa = XCConfigurationList;
			buildConfigurations = (
				279023C52738D25E0086012E /* Debug */,
				279023C62738D25E0086012E /* Release */,
			);
			defaultConfigurationIsVisible = 0;
			defaultConfigurationName = Release;
		};
		279023C72738D25E0086012E /* Build configuration list for PBXNativeTarget "KickStarterFrameworkTests" */ = {
			isa = XCConfigurationList;
			buildConfigurations = (
				279023C82738D25E0086012E /* Debug */,
				279023C92738D25E0086012E /* Release */,
			);
			defaultConfigurationIsVisible = 0;
			defaultConfigurationName = Release;
		};
/* End XCConfigurationList section */
	};
	rootObject = 279023A72738D25E0086012E /* Project object */;
}
